
Microsoft Visual Studio Solution File, Format Version 12.00
# Visual Studio Version 17
VisualStudioVersion = 17.4.33205.214
MinimumVisualStudioVersion = 10.0.40219.1
Project("{FAE04EC0-301F-11D3-BF4B-00C04F79EFBC}") = "ProfileMatching", "ProfileMatching.csproj", "{C030B176-7025-4C6C-A91C-DC1DEFCBCB73}"
EndProject
Global
	GlobalSection(SolutionConfigurationPlatforms) = preSolution
		Debug|Any CPU = Debug|Any CPU
		Release|Any CPU = Release|Any CPU
	EndGlobalSection
	GlobalSection(ProjectConfigurationPlatforms) = postSolution
		{C030B176-7025-4C6C-A91C-DC1DEFCBCB73}.Debug|Any CPU.ActiveCfg = Debug|Any CPU
		{C030B176-7025-4C6C-A91C-DC1DEFCBCB73}.Debug|Any CPU.Build.0 = Debug|Any CPU
		{C030B176-7025-4C6C-A91C-DC1DEFCBCB73}.Release|Any CPU.ActiveCfg = Release|Any CPU
		{C030B176-7025-4C6C-A91C-DC1DEFCBCB73}.Release|Any CPU.Build.0 = Release|Any CPU
	EndGlobalSection
	GlobalSection(SolutionProperties) = preSolution
		HideSolutionNode = FALSE
	EndGlobalSection
	GlobalSection(ExtensibilityGlobals) = postSolution
		SolutionGuid = {CE3CFF77-5E6E-4F21-8342-0D3CE6341972}
	EndGlobalSection
EndGlobal
